// !$*UTF8*$!
{
	archiveVersion = 1;
	classes = {
	};
	objectVersion = 56;
	objects = {

/* Begin PBXBuildFile section */
		A2E2F74B29B5D6F7000282E3 /* AppDelegate.swift in Sources */ = {isa = PBXBuildFile; fileRef = A2E2F74A29B5D6F7000282E3 /* AppDelegate.swift */; };
		A2E2F74D29B5D6F7000282E3 /* SceneDelegate.swift in Sources */ = {isa = PBXBuildFile; fileRef = A2E2F74C29B5D6F7000282E3 /* SceneDelegate.swift */; };
		A2E2F74F29B5D6F7000282E3 /* ViewController.swift in Sources */ = {isa = PBXBuildFile; fileRef = A2E2F74E29B5D6F7000282E3 /* ViewController.swift */; };
		A2E2F75429B5D6F9000282E3 /* Assets.xcassets in Resources */ = {isa = PBXBuildFile; fileRef = A2E2F75329B5D6F9000282E3 /* Assets.xcassets */; };
		A2E2F75729B5D6F9000282E3 /* LaunchScreen.storyboard in Resources */ = {isa = PBXBuildFile; fileRef = A2E2F75529B5D6F9000282E3 /* LaunchScreen.storyboard */; };
		A2E2F76229B5D6F9000282E3 /* Music_CloneTests.swift in Sources */ = {isa = PBXBuildFile; fileRef = A2E2F76129B5D6F9000282E3 /* Music_CloneTests.swift */; };
		A2E2F76C29B5D6FA000282E3 /* Music_CloneUITests.swift in Sources */ = {isa = PBXBuildFile; fileRef = A2E2F76B29B5D6FA000282E3 /* Music_CloneUITests.swift */; };
		A2E2F76E29B5D6FA000282E3 /* Music_CloneUITestsLaunchTests.swift in Sources */ = {isa = PBXBuildFile; fileRef = A2E2F76D29B5D6FA000282E3 /* Music_CloneUITestsLaunchTests.swift */; };
		A2E2F78229B606C7000282E3 /* TabBarViewController.swift in Sources */ = {isa = PBXBuildFile; fileRef = A2E2F78129B606C7000282E3 /* TabBarViewController.swift */; };
		A2E2F78429B607C1000282E3 /* SearchViewController.swift in Sources */ = {isa = PBXBuildFile; fileRef = A2E2F78329B607C1000282E3 /* SearchViewController.swift */; };
		A2E2F78629B607E8000282E3 /* LibraryViewController.swift in Sources */ = {isa = PBXBuildFile; fileRef = A2E2F78529B607E8000282E3 /* LibraryViewController.swift */; };
		A2E2F78B29B6084E000282E3 /* AuthViewController.swift in Sources */ = {isa = PBXBuildFile; fileRef = A2E2F78A29B6084E000282E3 /* AuthViewController.swift */; };
		A2E2F78D29B6086D000282E3 /* WelcomeViewController.swift in Sources */ = {isa = PBXBuildFile; fileRef = A2E2F78C29B6086D000282E3 /* WelcomeViewController.swift */; };
		A2E2F78F29B60892000282E3 /* SettingsViewController.swift in Sources */ = {isa = PBXBuildFile; fileRef = A2E2F78E29B60892000282E3 /* SettingsViewController.swift */; };
		A2E2F79129B608B4000282E3 /* ProfileViewController.swift in Sources */ = {isa = PBXBuildFile; fileRef = A2E2F79029B608B4000282E3 /* ProfileViewController.swift */; };
		A2E2F79329B608D6000282E3 /* PlayerViewController.swift in Sources */ = {isa = PBXBuildFile; fileRef = A2E2F79229B608D6000282E3 /* PlayerViewController.swift */; };
		A2E2F79529B608F3000282E3 /* PlaylistViewController.swift in Sources */ = {isa = PBXBuildFile; fileRef = A2E2F79429B608F3000282E3 /* PlaylistViewController.swift */; };
		A2E2F79729B6091C000282E3 /* SearchResultsViewController.swift in Sources */ = {isa = PBXBuildFile; fileRef = A2E2F79629B6091C000282E3 /* SearchResultsViewController.swift */; };
		A2E2F79B29B60973000282E3 /* APICaller.swift in Sources */ = {isa = PBXBuildFile; fileRef = A2E2F79A29B60973000282E3 /* APICaller.swift */; };
		A2E2F79D29B60995000282E3 /* HapticsManager.swift in Sources */ = {isa = PBXBuildFile; fileRef = A2E2F79C29B60995000282E3 /* HapticsManager.swift */; };
		A2E2F79F29B609CA000282E3 /* Playlist.swift in Sources */ = {isa = PBXBuildFile; fileRef = A2E2F79E29B609CA000282E3 /* Playlist.swift */; };
		A2E2F7A129B609ED000282E3 /* AudioTrack.swift in Sources */ = {isa = PBXBuildFile; fileRef = A2E2F7A029B609ED000282E3 /* AudioTrack.swift */; };
		A2E2F7A329B60A0B000282E3 /* Artist.swift in Sources */ = {isa = PBXBuildFile; fileRef = A2E2F7A229B60A0B000282E3 /* Artist.swift */; };
		A2E2F7A529B60A2D000282E3 /* UserProfile.swift in Sources */ = {isa = PBXBuildFile; fileRef = A2E2F7A429B60A2D000282E3 /* UserProfile.swift */; };
		A2E2F7A729B60ED2000282E3 /* AuthManager.swift in Sources */ = {isa = PBXBuildFile; fileRef = A2E2F7A629B60ED2000282E3 /* AuthManager.swift */; };
		A2E2F7A929B63A75000282E3 /* Extensions.swift in Sources */ = {isa = PBXBuildFile; fileRef = A2E2F7A829B63A75000282E3 /* Extensions.swift */; };
/* End PBXBuildFile section */

/* Begin PBXContainerItemProxy section */
		A2E2F75E29B5D6F9000282E3 /* PBXContainerItemProxy */ = {
			isa = PBXContainerItemProxy;
			containerPortal = A2E2F73F29B5D6F7000282E3 /* Project object */;
			proxyType = 1;
			remoteGlobalIDString = A2E2F74629B5D6F7000282E3;
			remoteInfo = "Music Clone";
		};
		A2E2F76829B5D6FA000282E3 /* PBXContainerItemProxy */ = {
			isa = PBXContainerItemProxy;
			containerPortal = A2E2F73F29B5D6F7000282E3 /* Project object */;
			proxyType = 1;
			remoteGlobalIDString = A2E2F74629B5D6F7000282E3;
			remoteInfo = "Music Clone";
		};
/* End PBXContainerItemProxy section */

/* Begin PBXFileReference section */
		A2E2F74729B5D6F7000282E3 /* Music Clone.app */ = {isa = PBXFileReference; explicitFileType = wrapper.application; includeInIndex = 0; path = "Music Clone.app"; sourceTree = BUILT_PRODUCTS_DIR; };
		A2E2F74A29B5D6F7000282E3 /* AppDelegate.swift */ = {isa = PBXFileReference; lastKnownFileType = sourcecode.swift; path = AppDelegate.swift; sourceTree = "<group>"; };
		A2E2F74C29B5D6F7000282E3 /* SceneDelegate.swift */ = {isa = PBXFileReference; lastKnownFileType = sourcecode.swift; path = SceneDelegate.swift; sourceTree = "<group>"; };
		A2E2F74E29B5D6F7000282E3 /* ViewController.swift */ = {isa = PBXFileReference; lastKnownFileType = sourcecode.swift; path = ViewController.swift; sourceTree = "<group>"; };
		A2E2F75329B5D6F9000282E3 /* Assets.xcassets */ = {isa = PBXFileReference; lastKnownFileType = folder.assetcatalog; path = Assets.xcassets; sourceTree = "<group>"; };
		A2E2F75629B5D6F9000282E3 /* Base */ = {isa = PBXFileReference; lastKnownFileType = file.storyboard; name = Base; path = Base.lproj/LaunchScreen.storyboard; sourceTree = "<group>"; };
		A2E2F75829B5D6F9000282E3 /* Info.plist */ = {isa = PBXFileReference; lastKnownFileType = text.plist.xml; path = Info.plist; sourceTree = "<group>"; };
		A2E2F75D29B5D6F9000282E3 /* Music CloneTests.xctest */ = {isa = PBXFileReference; explicitFileType = wrapper.cfbundle; includeInIndex = 0; path = "Music CloneTests.xctest"; sourceTree = BUILT_PRODUCTS_DIR; };
		A2E2F76129B5D6F9000282E3 /* Music_CloneTests.swift */ = {isa = PBXFileReference; lastKnownFileType = sourcecode.swift; path = Music_CloneTests.swift; sourceTree = "<group>"; };
		A2E2F76729B5D6FA000282E3 /* Music CloneUITests.xctest */ = {isa = PBXFileReference; explicitFileType = wrapper.cfbundle; includeInIndex = 0; path = "Music CloneUITests.xctest"; sourceTree = BUILT_PRODUCTS_DIR; };
		A2E2F76B29B5D6FA000282E3 /* Music_CloneUITests.swift */ = {isa = PBXFileReference; lastKnownFileType = sourcecode.swift; path = Music_CloneUITests.swift; sourceTree = "<group>"; };
		A2E2F76D29B5D6FA000282E3 /* Music_CloneUITestsLaunchTests.swift */ = {isa = PBXFileReference; lastKnownFileType = sourcecode.swift; path = Music_CloneUITestsLaunchTests.swift; sourceTree = "<group>"; };
		A2E2F78129B606C7000282E3 /* TabBarViewController.swift */ = {isa = PBXFileReference; lastKnownFileType = sourcecode.swift; path = TabBarViewController.swift; sourceTree = "<group>"; };
		A2E2F78329B607C1000282E3 /* SearchViewController.swift */ = {isa = PBXFileReference; lastKnownFileType = sourcecode.swift; path = SearchViewController.swift; sourceTree = "<group>"; };
		A2E2F78529B607E8000282E3 /* LibraryViewController.swift */ = {isa = PBXFileReference; lastKnownFileType = sourcecode.swift; path = LibraryViewController.swift; sourceTree = "<group>"; };
		A2E2F78A29B6084E000282E3 /* AuthViewController.swift */ = {isa = PBXFileReference; lastKnownFileType = sourcecode.swift; path = AuthViewController.swift; sourceTree = "<group>"; };
		A2E2F78C29B6086D000282E3 /* WelcomeViewController.swift */ = {isa = PBXFileReference; lastKnownFileType = sourcecode.swift; path = WelcomeViewController.swift; sourceTree = "<group>"; };
		A2E2F78E29B60892000282E3 /* SettingsViewController.swift */ = {isa = PBXFileReference; lastKnownFileType = sourcecode.swift; path = SettingsViewController.swift; sourceTree = "<group>"; };
		A2E2F79029B608B4000282E3 /* ProfileViewController.swift */ = {isa = PBXFileReference; lastKnownFileType = sourcecode.swift; path = ProfileViewController.swift; sourceTree = "<group>"; };
		A2E2F79229B608D6000282E3 /* PlayerViewController.swift */ = {isa = PBXFileReference; lastKnownFileType = sourcecode.swift; path = PlayerViewController.swift; sourceTree = "<group>"; };
		A2E2F79429B608F3000282E3 /* PlaylistViewController.swift */ = {isa = PBXFileReference; lastKnownFileType = sourcecode.swift; path = PlaylistViewController.swift; sourceTree = "<group>"; };
		A2E2F79629B6091C000282E3 /* SearchResultsViewController.swift */ = {isa = PBXFileReference; lastKnownFileType = sourcecode.swift; path = SearchResultsViewController.swift; sourceTree = "<group>"; };
		A2E2F79A29B60973000282E3 /* APICaller.swift */ = {isa = PBXFileReference; lastKnownFileType = sourcecode.swift; path = APICaller.swift; sourceTree = "<group>"; };
		A2E2F79C29B60995000282E3 /* HapticsManager.swift */ = {isa = PBXFileReference; lastKnownFileType = sourcecode.swift; path = HapticsManager.swift; sourceTree = "<group>"; };
		A2E2F79E29B609CA000282E3 /* Playlist.swift */ = {isa = PBXFileReference; lastKnownFileType = sourcecode.swift; path = Playlist.swift; sourceTree = "<group>"; };
		A2E2F7A029B609ED000282E3 /* AudioTrack.swift */ = {isa = PBXFileReference; lastKnownFileType = sourcecode.swift; path = AudioTrack.swift; sourceTree = "<group>"; };
		A2E2F7A229B60A0B000282E3 /* Artist.swift */ = {isa = PBXFileReference; lastKnownFileType = sourcecode.swift; path = Artist.swift; sourceTree = "<group>"; };
		A2E2F7A429B60A2D000282E3 /* UserProfile.swift */ = {isa = PBXFileReference; lastKnownFileType = sourcecode.swift; path = UserProfile.swift; sourceTree = "<group>"; };
		A2E2F7A629B60ED2000282E3 /* AuthManager.swift */ = {isa = PBXFileReference; lastKnownFileType = sourcecode.swift; path = AuthManager.swift; sourceTree = "<group>"; };
		A2E2F7A829B63A75000282E3 /* Extensions.swift */ = {isa = PBXFileReference; lastKnownFileType = sourcecode.swift; path = Extensions.swift; sourceTree = "<group>"; };
/* End PBXFileReference section */

/* Begin PBXFrameworksBuildPhase section */
		A2E2F74429B5D6F7000282E3 /* Frameworks */ = {
			isa = PBXFrameworksBuildPhase;
			buildActionMask = 2147483647;
			files = (
			);
			runOnlyForDeploymentPostprocessing = 0;
		};
		A2E2F75A29B5D6F9000282E3 /* Frameworks */ = {
			isa = PBXFrameworksBuildPhase;
			buildActionMask = 2147483647;
			files = (
			);
			runOnlyForDeploymentPostprocessing = 0;
		};
		A2E2F76429B5D6FA000282E3 /* Frameworks */ = {
			isa = PBXFrameworksBuildPhase;
			buildActionMask = 2147483647;
			files = (
			);
			runOnlyForDeploymentPostprocessing = 0;
		};
/* End PBXFrameworksBuildPhase section */

/* Begin PBXGroup section */
		A2E2F73E29B5D6F7000282E3 = {
			isa = PBXGroup;
			children = (
				A2E2F74929B5D6F7000282E3 /* Music Clone */,
				A2E2F76029B5D6F9000282E3 /* Music CloneTests */,
				A2E2F76A29B5D6FA000282E3 /* Music CloneUITests */,
				A2E2F74829B5D6F7000282E3 /* Products */,
			);
			sourceTree = "<group>";
		};
		A2E2F74829B5D6F7000282E3 /* Products */ = {
			isa = PBXGroup;
			children = (
				A2E2F74729B5D6F7000282E3 /* Music Clone.app */,
				A2E2F75D29B5D6F9000282E3 /* Music CloneTests.xctest */,
				A2E2F76729B5D6FA000282E3 /* Music CloneUITests.xctest */,
			);
			name = Products;
			sourceTree = "<group>";
		};
		A2E2F74929B5D6F7000282E3 /* Music Clone */ = {
			isa = PBXGroup;
			children = (
				A2E2F77F29B5D7A9000282E3 /* Resources */,
				A2E2F77E29B5D79F000282E3 /* Managers */,
				A2E2F77D29B5D794000282E3 /* ViewModels */,
				A2E2F77C29B5D78A000282E3 /* Models */,
				A2E2F77B29B5D780000282E3 /* Views */,
				A2E2F77A29B5D776000282E3 /* Controllers */,
				A2E2F75829B5D6F9000282E3 /* Info.plist */,
			);
			path = "Music Clone";
			sourceTree = "<group>";
		};
		A2E2F76029B5D6F9000282E3 /* Music CloneTests */ = {
			isa = PBXGroup;
			children = (
				A2E2F76129B5D6F9000282E3 /* Music_CloneTests.swift */,
			);
			path = "Music CloneTests";
			sourceTree = "<group>";
		};
		A2E2F76A29B5D6FA000282E3 /* Music CloneUITests */ = {
			isa = PBXGroup;
			children = (
				A2E2F76B29B5D6FA000282E3 /* Music_CloneUITests.swift */,
				A2E2F76D29B5D6FA000282E3 /* Music_CloneUITestsLaunchTests.swift */,
			);
			path = "Music CloneUITests";
			sourceTree = "<group>";
		};
		A2E2F77A29B5D776000282E3 /* Controllers */ = {
			isa = PBXGroup;
			children = (
				A2E2F78829B6081A000282E3 /* Other */,
				A2E2F78729B60803000282E3 /* Core */,
			);
			path = Controllers;
			sourceTree = "<group>";
		};
		A2E2F77B29B5D780000282E3 /* Views */ = {
			isa = PBXGroup;
			children = (
				A2E2F75529B5D6F9000282E3 /* LaunchScreen.storyboard */,
			);
			path = Views;
			sourceTree = "<group>";
		};
		A2E2F77C29B5D78A000282E3 /* Models */ = {
			isa = PBXGroup;
			children = (
				A2E2F79E29B609CA000282E3 /* Playlist.swift */,
				A2E2F7A029B609ED000282E3 /* AudioTrack.swift */,
				A2E2F7A229B60A0B000282E3 /* Artist.swift */,
				A2E2F7A429B60A2D000282E3 /* UserProfile.swift */,
			);
			path = Models;
			sourceTree = "<group>";
		};
		A2E2F77D29B5D794000282E3 /* ViewModels */ = {
			isa = PBXGroup;
			children = (
			);
			path = ViewModels;
			sourceTree = "<group>";
		};
		A2E2F77E29B5D79F000282E3 /* Managers */ = {
			isa = PBXGroup;
			children = (
				A2E2F79A29B60973000282E3 /* APICaller.swift */,
				A2E2F79C29B60995000282E3 /* HapticsManager.swift */,
				A2E2F7A629B60ED2000282E3 /* AuthManager.swift */,
			);
			path = Managers;
			sourceTree = "<group>";
		};
		A2E2F77F29B5D7A9000282E3 /* Resources */ = {
			isa = PBXGroup;
			children = (
				A2E2F74C29B5D6F7000282E3 /* SceneDelegate.swift */,
				A2E2F74A29B5D6F7000282E3 /* AppDelegate.swift */,
				A2E2F75329B5D6F9000282E3 /* Assets.xcassets */,
				A2E2F7A829B63A75000282E3 /* Extensions.swift */,
			);
			path = Resources;
			sourceTree = "<group>";
		};
		A2E2F78729B60803000282E3 /* Core */ = {
			isa = PBXGroup;
			children = (
				A2E2F74E29B5D6F7000282E3 /* ViewController.swift */,
				A2E2F78129B606C7000282E3 /* TabBarViewController.swift */,
				A2E2F78329B607C1000282E3 /* SearchViewController.swift */,
				A2E2F78529B607E8000282E3 /* LibraryViewController.swift */,
			);
			path = Core;
			sourceTree = "<group>";
		};
		A2E2F78829B6081A000282E3 /* Other */ = {
			isa = PBXGroup;
			children = (
				A2E2F78A29B6084E000282E3 /* AuthViewController.swift */,
				A2E2F78C29B6086D000282E3 /* WelcomeViewController.swift */,
				A2E2F78E29B60892000282E3 /* SettingsViewController.swift */,
				A2E2F79029B608B4000282E3 /* ProfileViewController.swift */,
				A2E2F79229B608D6000282E3 /* PlayerViewController.swift */,
				A2E2F79429B608F3000282E3 /* PlaylistViewController.swift */,
				A2E2F79629B6091C000282E3 /* SearchResultsViewController.swift */,
			);
			path = Other;
			sourceTree = "<group>";
		};
/* End PBXGroup section */

/* Begin PBXNativeTarget section */
		A2E2F74629B5D6F7000282E3 /* Music Clone */ = {
			isa = PBXNativeTarget;
			buildConfigurationList = A2E2F77129B5D6FA000282E3 /* Build configuration list for PBXNativeTarget "Music Clone" */;
			buildPhases = (
				A2E2F74329B5D6F7000282E3 /* Sources */,
				A2E2F74429B5D6F7000282E3 /* Frameworks */,
				A2E2F74529B5D6F7000282E3 /* Resources */,
			);
			buildRules = (
			);
			dependencies = (
			);
			name = "Music Clone";
			productName = "Music Clone";
			productReference = A2E2F74729B5D6F7000282E3 /* Music Clone.app */;
			productType = "com.apple.product-type.application";
		};
		A2E2F75C29B5D6F9000282E3 /* Music CloneTests */ = {
			isa = PBXNativeTarget;
			buildConfigurationList = A2E2F77429B5D6FA000282E3 /* Build configuration list for PBXNativeTarget "Music CloneTests" */;
			buildPhases = (
				A2E2F75929B5D6F9000282E3 /* Sources */,
				A2E2F75A29B5D6F9000282E3 /* Frameworks */,
				A2E2F75B29B5D6F9000282E3 /* Resources */,
			);
			buildRules = (
			);
			dependencies = (
				A2E2F75F29B5D6F9000282E3 /* PBXTargetDependency */,
			);
			name = "Music CloneTests";
			productName = "Music CloneTests";
			productReference = A2E2F75D29B5D6F9000282E3 /* Music CloneTests.xctest */;
			productType = "com.apple.product-type.bundle.unit-test";
		};
		A2E2F76629B5D6FA000282E3 /* Music CloneUITests */ = {
			isa = PBXNativeTarget;
			buildConfigurationList = A2E2F77729B5D6FA000282E3 /* Build configuration list for PBXNativeTarget "Music CloneUITests" */;
			buildPhases = (
				A2E2F76329B5D6FA000282E3 /* Sources */,
				A2E2F76429B5D6FA000282E3 /* Frameworks */,
				A2E2F76529B5D6FA000282E3 /* Resources */,
			);
			buildRules = (
			);
			dependencies = (
				A2E2F76929B5D6FA000282E3 /* PBXTargetDependency */,
			);
			name = "Music CloneUITests";
			productName = "Music CloneUITests";
			productReference = A2E2F76729B5D6FA000282E3 /* Music CloneUITests.xctest */;
			productType = "com.apple.product-type.bundle.ui-testing";
		};
/* End PBXNativeTarget section */

/* Begin PBXProject section */
		A2E2F73F29B5D6F7000282E3 /* Project object */ = {
			isa = PBXProject;
			attributes = {
				BuildIndependentTargetsInParallel = 1;
				LastSwiftUpdateCheck = 1420;
				LastUpgradeCheck = 1420;
				TargetAttributes = {
					A2E2F74629B5D6F7000282E3 = {
						CreatedOnToolsVersion = 14.2;
					};
					A2E2F75C29B5D6F9000282E3 = {
						CreatedOnToolsVersion = 14.2;
						TestTargetID = A2E2F74629B5D6F7000282E3;
					};
					A2E2F76629B5D6FA000282E3 = {
						CreatedOnToolsVersion = 14.2;
						TestTargetID = A2E2F74629B5D6F7000282E3;
					};
				};
			};
			buildConfigurationList = A2E2F74229B5D6F7000282E3 /* Build configuration list for PBXProject "Music Clone" */;
			compatibilityVersion = "Xcode 14.0";
			developmentRegion = en;
			hasScannedForEncodings = 0;
			knownRegions = (
				en,
				Base,
			);
			mainGroup = A2E2F73E29B5D6F7000282E3;
			productRefGroup = A2E2F74829B5D6F7000282E3 /* Products */;
			projectDirPath = "";
			projectRoot = "";
			targets = (
				A2E2F74629B5D6F7000282E3 /* Music Clone */,
				A2E2F75C29B5D6F9000282E3 /* Music CloneTests */,
				A2E2F76629B5D6FA000282E3 /* Music CloneUITests */,
			);
		};
/* End PBXProject section */

/* Begin PBXResourcesBuildPhase section */
		A2E2F74529B5D6F7000282E3 /* Resources */ = {
			isa = PBXResourcesBuildPhase;
			buildActionMask = 2147483647;
			files = (
				A2E2F75729B5D6F9000282E3 /* LaunchScreen.storyboard in Resources */,
				A2E2F75429B5D6F9000282E3 /* Assets.xcassets in Resources */,
			);
			runOnlyForDeploymentPostprocessing = 0;
		};
		A2E2F75B29B5D6F9000282E3 /* Resources */ = {
			isa = PBXResourcesBuildPhase;
			buildActionMask = 2147483647;
			files = (
			);
			runOnlyForDeploymentPostprocessing = 0;
		};
		A2E2F76529B5D6FA000282E3 /* Resources */ = {
			isa = PBXResourcesBuildPhase;
			buildActionMask = 2147483647;
			files = (
			);
			runOnlyForDeploymentPostprocessing = 0;
		};
/* End PBXResourcesBuildPhase section */

/* Begin PBXSourcesBuildPhase section */
		A2E2F74329B5D6F7000282E3 /* Sources */ = {
			isa = PBXSourcesBuildPhase;
			buildActionMask = 2147483647;
			files = (
				A2E2F78429B607C1000282E3 /* SearchViewController.swift in Sources */,
				A2E2F79F29B609CA000282E3 /* Playlist.swift in Sources */,
				A2E2F79729B6091C000282E3 /* SearchResultsViewController.swift in Sources */,
				A2E2F78D29B6086D000282E3 /* WelcomeViewController.swift in Sources */,
				A2E2F79129B608B4000282E3 /* ProfileViewController.swift in Sources */,
				A2E2F78229B606C7000282E3 /* TabBarViewController.swift in Sources */,
				A2E2F79D29B60995000282E3 /* HapticsManager.swift in Sources */,
				A2E2F7A129B609ED000282E3 /* AudioTrack.swift in Sources */,
				A2E2F74F29B5D6F7000282E3 /* ViewController.swift in Sources */,
				A2E2F7A729B60ED2000282E3 /* AuthManager.swift in Sources */,
				A2E2F78B29B6084E000282E3 /* AuthViewController.swift in Sources */,
				A2E2F74B29B5D6F7000282E3 /* AppDelegate.swift in Sources */,
				A2E2F7A529B60A2D000282E3 /* UserProfile.swift in Sources */,
				A2E2F7A929B63A75000282E3 /* Extensions.swift in Sources */,
				A2E2F78629B607E8000282E3 /* LibraryViewController.swift in Sources */,
				A2E2F7A329B60A0B000282E3 /* Artist.swift in Sources */,
				A2E2F79529B608F3000282E3 /* PlaylistViewController.swift in Sources */,
				A2E2F74D29B5D6F7000282E3 /* SceneDelegate.swift in Sources */,
				A2E2F79329B608D6000282E3 /* PlayerViewController.swift in Sources */,
				A2E2F79B29B60973000282E3 /* APICaller.swift in Sources */,
				A2E2F78F29B60892000282E3 /* SettingsViewController.swift in Sources */,
			);
			runOnlyForDeploymentPostprocessing = 0;
		};
		A2E2F75929B5D6F9000282E3 /* Sources */ = {
			isa = PBXSourcesBuildPhase;
			buildActionMask = 2147483647;
			files = (
				A2E2F76229B5D6F9000282E3 /* Music_CloneTests.swift in Sources */,
			);
			runOnlyForDeploymentPostprocessing = 0;
		};
		A2E2F76329B5D6FA000282E3 /* Sources */ = {
			isa = PBXSourcesBuildPhase;
			buildActionMask = 2147483647;
			files = (
				A2E2F76E29B5D6FA000282E3 /* Music_CloneUITestsLaunchTests.swift in Sources */,
				A2E2F76C29B5D6FA000282E3 /* Music_CloneUITests.swift in Sources */,
			);
			runOnlyForDeploymentPostprocessing = 0;
		};
/* End PBXSourcesBuildPhase section */

/* Begin PBXTargetDependency section */
		A2E2F75F29B5D6F9000282E3 /* PBXTargetDependency */ = {
			isa = PBXTargetDependency;
			target = A2E2F74629B5D6F7000282E3 /* Music Clone */;
			targetProxy = A2E2F75E29B5D6F9000282E3 /* PBXContainerItemProxy */;
		};
		A2E2F76929B5D6FA000282E3 /* PBXTargetDependency */ = {
			isa = PBXTargetDependency;
			target = A2E2F74629B5D6F7000282E3 /* Music Clone */;
			targetProxy = A2E2F76829B5D6FA000282E3 /* PBXContainerItemProxy */;
		};
/* End PBXTargetDependency section */

/* Begin PBXVariantGroup section */
		A2E2F75529B5D6F9000282E3 /* LaunchScreen.storyboard */ = {
			isa = PBXVariantGroup;
			children = (
				A2E2F75629B5D6F9000282E3 /* Base */,
			);
			name = LaunchScreen.storyboard;
			sourceTree = "<group>";
		};
/* End PBXVariantGroup section */

/* Begin XCBuildConfiguration section */
		A2E2F76F29B5D6FA000282E3 /* Debug */ = {
			isa = XCBuildConfiguration;
			buildSettings = {
				ALWAYS_SEARCH_USER_PATHS = NO;
				CLANG_ANALYZER_NONNULL = YES;
				CLANG_ANALYZER_NUMBER_OBJECT_CONVERSION = YES_AGGRESSIVE;
				CLANG_CXX_LANGUAGE_STANDARD = "gnu++20";
				CLANG_ENABLE_MODULES = YES;
				CLANG_ENABLE_OBJC_ARC = YES;
				CLANG_ENABLE_OBJC_WEAK = YES;
				CLANG_WARN_BLOCK_CAPTURE_AUTORELEASING = YES;
				CLANG_WARN_BOOL_CONVERSION = YES;
				CLANG_WARN_COMMA = YES;
				CLANG_WARN_CONSTANT_CONVERSION = YES;
				CLANG_WARN_DEPRECATED_OBJC_IMPLEMENTATIONS = YES;
				CLANG_WARN_DIRECT_OBJC_ISA_USAGE = YES_ERROR;
				CLANG_WARN_DOCUMENTATION_COMMENTS = YES;
				CLANG_WARN_EMPTY_BODY = YES;
				CLANG_WARN_ENUM_CONVERSION = YES;
				CLANG_WARN_INFINITE_RECURSION = YES;
				CLANG_WARN_INT_CONVERSION = YES;
				CLANG_WARN_NON_LITERAL_NULL_CONVERSION = YES;
				CLANG_WARN_OBJC_IMPLICIT_RETAIN_SELF = YES;
				CLANG_WARN_OBJC_LITERAL_CONVERSION = YES;
				CLANG_WARN_OBJC_ROOT_CLASS = YES_ERROR;
				CLANG_WARN_QUOTED_INCLUDE_IN_FRAMEWORK_HEADER = YES;
				CLANG_WARN_RANGE_LOOP_ANALYSIS = YES;
				CLANG_WARN_STRICT_PROTOTYPES = YES;
				CLANG_WARN_SUSPICIOUS_MOVE = YES;
				CLANG_WARN_UNGUARDED_AVAILABILITY = YES_AGGRESSIVE;
				CLANG_WARN_UNREACHABLE_CODE = YES;
				CLANG_WARN__DUPLICATE_METHOD_MATCH = YES;
				COPY_PHASE_STRIP = NO;
				DEBUG_INFORMATION_FORMAT = dwarf;
				ENABLE_STRICT_OBJC_MSGSEND = YES;
				ENABLE_TESTABILITY = YES;
				GCC_C_LANGUAGE_STANDARD = gnu11;
				GCC_DYNAMIC_NO_PIC = NO;
				GCC_NO_COMMON_BLOCKS = YES;
				GCC_OPTIMIZATION_LEVEL = 0;
				GCC_PREPROCESSOR_DEFINITIONS = (
					"DEBUG=1",
					"$(inherited)",
				);
				GCC_WARN_64_TO_32_BIT_CONVERSION = YES;
				GCC_WARN_ABOUT_RETURN_TYPE = YES_ERROR;
				GCC_WARN_UNDECLARED_SELECTOR = YES;
				GCC_WARN_UNINITIALIZED_AUTOS = YES_AGGRESSIVE;
				GCC_WARN_UNUSED_FUNCTION = YES;
				GCC_WARN_UNUSED_VARIABLE = YES;
				IPHONEOS_DEPLOYMENT_TARGET = 16.2;
				MTL_ENABLE_DEBUG_INFO = INCLUDE_SOURCE;
				MTL_FAST_MATH = YES;
				ONLY_ACTIVE_ARCH = YES;
				SDKROOT = iphoneos;
				SWIFT_ACTIVE_COMPILATION_CONDITIONS = DEBUG;
				SWIFT_OPTIMIZATION_LEVEL = "-Onone";
			};
			name = Debug;
		};
		A2E2F77029B5D6FA000282E3 /* Release */ = {
			isa = XCBuildConfiguration;
			buildSettings = {
				ALWAYS_SEARCH_USER_PATHS = NO;
				CLANG_ANALYZER_NONNULL = YES;
				CLANG_ANALYZER_NUMBER_OBJECT_CONVERSION = YES_AGGRESSIVE;
				CLANG_CXX_LANGUAGE_STANDARD = "gnu++20";
				CLANG_ENABLE_MODULES = YES;
				CLANG_ENABLE_OBJC_ARC = YES;
				CLANG_ENABLE_OBJC_WEAK = YES;
				CLANG_WARN_BLOCK_CAPTURE_AUTORELEASING = YES;
				CLANG_WARN_BOOL_CONVERSION = YES;
				CLANG_WARN_COMMA = YES;
				CLANG_WARN_CONSTANT_CONVERSION = YES;
				CLANG_WARN_DEPRECATED_OBJC_IMPLEMENTATIONS = YES;
				CLANG_WARN_DIRECT_OBJC_ISA_USAGE = YES_ERROR;
				CLANG_WARN_DOCUMENTATION_COMMENTS = YES;
				CLANG_WARN_EMPTY_BODY = YES;
				CLANG_WARN_ENUM_CONVERSION = YES;
				CLANG_WARN_INFINITE_RECURSION = YES;
				CLANG_WARN_INT_CONVERSION = YES;
				CLANG_WARN_NON_LITERAL_NULL_CONVERSION = YES;
				CLANG_WARN_OBJC_IMPLICIT_RETAIN_SELF = YES;
				CLANG_WARN_OBJC_LITERAL_CONVERSION = YES;
				CLANG_WARN_OBJC_ROOT_CLASS = YES_ERROR;
				CLANG_WARN_QUOTED_INCLUDE_IN_FRAMEWORK_HEADER = YES;
				CLANG_WARN_RANGE_LOOP_ANALYSIS = YES;
				CLANG_WARN_STRICT_PROTOTYPES = YES;
				CLANG_WARN_SUSPICIOUS_MOVE = YES;
				CLANG_WARN_UNGUARDED_AVAILABILITY = YES_AGGRESSIVE;
				CLANG_WARN_UNREACHABLE_CODE = YES;
				CLANG_WARN__DUPLICATE_METHOD_MATCH = YES;
				COPY_PHASE_STRIP = NO;
				DEBUG_INFORMATION_FORMAT = "dwarf-with-dsym";
				ENABLE_NS_ASSERTIONS = NO;
				ENABLE_STRICT_OBJC_MSGSEND = YES;
				GCC_C_LANGUAGE_STANDARD = gnu11;
				GCC_NO_COMMON_BLOCKS = YES;
				GCC_WARN_64_TO_32_BIT_CONVERSION = YES;
				GCC_WARN_ABOUT_RETURN_TYPE = YES_ERROR;
				GCC_WARN_UNDECLARED_SELECTOR = YES;
				GCC_WARN_UNINITIALIZED_AUTOS = YES_AGGRESSIVE;
				GCC_WARN_UNUSED_FUNCTION = YES;
				GCC_WARN_UNUSED_VARIABLE = YES;
				IPHONEOS_DEPLOYMENT_TARGET = 16.2;
				MTL_ENABLE_DEBUG_INFO = NO;
				MTL_FAST_MATH = YES;
				SDKROOT = iphoneos;
				SWIFT_COMPILATION_MODE = wholemodule;
				SWIFT_OPTIMIZATION_LEVEL = "-O";
				VALIDATE_PRODUCT = YES;
			};
			name = Release;
		};
		A2E2F77229B5D6FA000282E3 /* Debug */ = {
			isa = XCBuildConfiguration;
			buildSettings = {
				ASSETCATALOG_COMPILER_APPICON_NAME = AppIcon;
				ASSETCATALOG_COMPILER_GLOBAL_ACCENT_COLOR_NAME = AccentColor;
				CODE_SIGN_STYLE = Automatic;
				CURRENT_PROJECT_VERSION = 1;
				GENERATE_INFOPLIST_FILE = YES;
				INFOPLIST_FILE = "Music Clone/Info.plist";
				INFOPLIST_KEY_UIApplicationSupportsIndirectInputEvents = YES;
				INFOPLIST_KEY_UILaunchStoryboardName = LaunchScreen;
				INFOPLIST_KEY_UISupportedInterfaceOrientations_iPad = "UIInterfaceOrientationPortrait UIInterfaceOrientationPortraitUpsideDown UIInterfaceOrientationLandscapeLeft UIInterfaceOrientationLandscapeRight";
				INFOPLIST_KEY_UISupportedInterfaceOrientations_iPhone = "UIInterfaceOrientationPortrait UIInterfaceOrientationLandscapeLeft UIInterfaceOrientationLandscapeRight";
				LD_RUNPATH_SEARCH_PATHS = (
					"$(inherited)",
					"@executable_path/Frameworks",
				);
				MARKETING_VERSION = 1.0;
				PRODUCT_BUNDLE_IDENTIFIER = "dimuth-c-bandara.Music-Clone";
				PRODUCT_NAME = "$(TARGET_NAME)";
				SWIFT_EMIT_LOC_STRINGS = YES;
				SWIFT_VERSION = 5.0;
				TARGETED_DEVICE_FAMILY = "1,2";
			};
			name = Debug;
		};
		A2E2F77329B5D6FA000282E3 /* Release */ = {
			isa = XCBuildConfiguration;
			buildSettings = {
				ASSETCATALOG_COMPILER_APPICON_NAME = AppIcon;
				ASSETCATALOG_COMPILER_GLOBAL_ACCENT_COLOR_NAME = AccentColor;
				CODE_SIGN_STYLE = Automatic;
				CURRENT_PROJECT_VERSION = 1;
				GENERATE_INFOPLIST_FILE = YES;
				INFOPLIST_FILE = "Music Clone/Info.plist";
				INFOPLIST_KEY_UIApplicationSupportsIndirectInputEvents = YES;
				INFOPLIST_KEY_UILaunchStoryboardName = LaunchScreen;
				INFOPLIST_KEY_UISupportedInterfaceOrientations_iPad = "UIInterfaceOrientationPortrait UIInterfaceOrientationPortraitUpsideDown UIInterfaceOrientationLandscapeLeft UIInterfaceOrientationLandscapeRight";
				INFOPLIST_KEY_UISupportedInterfaceOrientations_iPhone = "UIInterfaceOrientationPortrait UIInterfaceOrientationLandscapeLeft UIInterfaceOrientationLandscapeRight";
				LD_RUNPATH_SEARCH_PATHS = (
					"$(inherited)",
					"@executable_path/Frameworks",
				);
				MARKETING_VERSION = 1.0;
				PRODUCT_BUNDLE_IDENTIFIER = "dimuth-c-bandara.Music-Clone";
				PRODUCT_NAME = "$(TARGET_NAME)";
				SWIFT_EMIT_LOC_STRINGS = YES;
				SWIFT_VERSION = 5.0;
				TARGETED_DEVICE_FAMILY = "1,2";
			};
			name = Release;
		};
		A2E2F77529B5D6FA000282E3 /* Debug */ = {
			isa = XCBuildConfiguration;
			buildSettings = {
				ALWAYS_EMBED_SWIFT_STANDARD_LIBRARIES = YES;
				BUNDLE_LOADER = "$(TEST_HOST)";
				CODE_SIGN_STYLE = Automatic;
				CURRENT_PROJECT_VERSION = 1;
				GENERATE_INFOPLIST_FILE = YES;
				IPHONEOS_DEPLOYMENT_TARGET = 16.2;
				MARKETING_VERSION = 1.0;
				PRODUCT_BUNDLE_IDENTIFIER = "dimuth-c-bandara.Music-CloneTests";
				PRODUCT_NAME = "$(TARGET_NAME)";
				SWIFT_EMIT_LOC_STRINGS = NO;
				SWIFT_VERSION = 5.0;
				TARGETED_DEVICE_FAMILY = "1,2";
				TEST_HOST = "$(BUILT_PRODUCTS_DIR)/Music Clone.app/$(BUNDLE_EXECUTABLE_FOLDER_PATH)/Music Clone";
			};
			name = Debug;
		};
		A2E2F77629B5D6FA000282E3 /* Release */ = {
			isa = XCBuildConfiguration;
			buildSettings = {
				ALWAYS_EMBED_SWIFT_STANDARD_LIBRARIES = YES;
				BUNDLE_LOADER = "$(TEST_HOST)";
				CODE_SIGN_STYLE = Automatic;
				CURRENT_PROJECT_VERSION = 1;
				GENERATE_INFOPLIST_FILE = YES;
				IPHONEOS_DEPLOYMENT_TARGET = 16.2;
				MARKETING_VERSION = 1.0;
				PRODUCT_BUNDLE_IDENTIFIER = "dimuth-c-bandara.Music-CloneTests";
				PRODUCT_NAME = "$(TARGET_NAME)";
				SWIFT_EMIT_LOC_STRINGS = NO;
				SWIFT_VERSION = 5.0;
				TARGETED_DEVICE_FAMILY = "1,2";
				TEST_HOST = "$(BUILT_PRODUCTS_DIR)/Music Clone.app/$(BUNDLE_EXECUTABLE_FOLDER_PATH)/Music Clone";
			};
			name = Release;
		};
		A2E2F77829B5D6FA000282E3 /* Debug */ = {
			isa = XCBuildConfiguration;
			buildSettings = {
				ALWAYS_EMBED_SWIFT_STANDARD_LIBRARIES = YES;
				CODE_SIGN_STYLE = Automatic;
				CURRENT_PROJECT_VERSION = 1;
				GENERATE_INFOPLIST_FILE = YES;
				MARKETING_VERSION = 1.0;
				PRODUCT_BUNDLE_IDENTIFIER = "dimuth-c-bandara.Music-CloneUITests";
				PRODUCT_NAME = "$(TARGET_NAME)";
				SWIFT_EMIT_LOC_STRINGS = NO;
				SWIFT_VERSION = 5.0;
				TARGETED_DEVICE_FAMILY = "1,2";
				TEST_TARGET_NAME = "Music Clone";
			};
			name = Debug;
		};
		A2E2F77929B5D6FA000282E3 /* Release */ = {
			isa = XCBuildConfiguration;
			buildSettings = {
				ALWAYS_EMBED_SWIFT_STANDARD_LIBRARIES = YES;
				CODE_SIGN_STYLE = Automatic;
				CURRENT_PROJECT_VERSION = 1;
				GENERATE_INFOPLIST_FILE = YES;
				MARKETING_VERSION = 1.0;
				PRODUCT_BUNDLE_IDENTIFIER = "dimuth-c-bandara.Music-CloneUITests";
				PRODUCT_NAME = "$(TARGET_NAME)";
				SWIFT_EMIT_LOC_STRINGS = NO;
				SWIFT_VERSION = 5.0;
				TARGETED_DEVICE_FAMILY = "1,2";
				TEST_TARGET_NAME = "Music Clone";
			};
			name = Release;
		};
/* End XCBuildConfiguration section */

/* Begin XCConfigurationList section */
		A2E2F74229B5D6F7000282E3 /* Build configuration list for PBXProject "Music Clone" */ = {
			isa = XCConfigurationList;
			buildConfigurations = (
				A2E2F76F29B5D6FA000282E3 /* Debug */,
				A2E2F77029B5D6FA000282E3 /* Release */,
			);
			defaultConfigurationIsVisible = 0;
			defaultConfigurationName = Release;
		};
		A2E2F77129B5D6FA000282E3 /* Build configuration list for PBXNativeTarget "Music Clone" */ = {
			isa = XCConfigurationList;
			buildConfigurations = (
				A2E2F77229B5D6FA000282E3 /* Debug */,
				A2E2F77329B5D6FA000282E3 /* Release */,
			);
			defaultConfigurationIsVisible = 0;
			defaultConfigurationName = Release;
		};
		A2E2F77429B5D6FA000282E3 /* Build configuration list for PBXNativeTarget "Music CloneTests" */ = {
			isa = XCConfigurationList;
			buildConfigurations = (
				A2E2F77529B5D6FA000282E3 /* Debug */,
				A2E2F77629B5D6FA000282E3 /* Release */,
			);
			defaultConfigurationIsVisible = 0;
			defaultConfigurationName = Release;
		};
		A2E2F77729B5D6FA000282E3 /* Build configuration list for PBXNativeTarget "Music CloneUITests" */ = {
			isa = XCConfigurationList;
			buildConfigurations = (
				A2E2F77829B5D6FA000282E3 /* Debug */,
				A2E2F77929B5D6FA000282E3 /* Release */,
			);
			defaultConfigurationIsVisible = 0;
			defaultConfigurationName = Release;
		};
/* End XCConfigurationList section */
	};
	rootObject = A2E2F73F29B5D6F7000282E3 /* Project object */;
}
